
Microsoft Visual Studio Solution File, Format Version 12.00
# Visual Studio Version 17
VisualStudioVersion = 17.14.36202.13 d17.14
MinimumVisualStudioVersion = 10.0.40219.1
Project("{FAE04EC0-301F-11D3-BF4B-00C04F79EFBC}") = "TestDockerApp", "TestDockerApp\TestDockerApp.csproj", "{C1D88643-9C29-4B8A-AF56-55F758E3183C}"
EndProject
Project("{FAE04EC0-301F-11D3-BF4B-00C04F79EFBC}") = "TestDockerApp.Tests", "TestDockerApp.Tests\TestDockerApp.Tests.csproj", "{12345678-90ab-cdef-1234-567890abcdef}"
EndProject

Global
	GlobalSection(SolutionConfigurationPlatforms) = preSolution
		Debug|Any CPU = Debug|Any CPU
		Release|Any CPU = Release|Any CPU
	EndGlobalSection
	GlobalSection(ProjectConfigurationPlatforms) = postSolution
		{C1D88643-9C29-4B8A-AF56-55F758E3183C}.Debug|Any CPU.ActiveCfg = Debug|Any CPU
		{C1D88643-9C29-4B8A-AF56-55F758E3183C}.Debug|Any CPU.Build.0 = Debug|Any CPU
		{C1D88643-9C29-4B8A-AF56-55F758E3183C}.Release|Any CPU.ActiveCfg = Release|Any CPU
		{C1D88643-9C29-4B8A-AF56-55F758E3183C}.Release|Any CPU.Build.0 = Release|Any CPU
{12345678-90ab-cdef-1234-567890abcdef}.Debug|Any CPU.ActiveCfg = Debug|Any CPU
{12345678-90ab-cdef-1234-567890abcdef}.Debug|Any CPU.Build.0 = Debug|Any CPU
{12345678-90ab-cdef-1234-567890abcdef}.Release|Any CPU.ActiveCfg = Release|Any CPU
{12345678-90ab-cdef-1234-567890abcdef}.Release|Any CPU.Build.0 = Release|Any CPU
	EndGlobalSection
	GlobalSection(SolutionProperties) = preSolution
		HideSolutionNode = FALSE
	EndGlobalSection
	GlobalSection(ExtensibilityGlobals) = postSolution
		SolutionGuid = {DD474978-5A2B-494C-92A1-96BF0B392849}
	EndGlobalSection
EndGlobal
